// !$*UTF8*$!
{
	archiveVersion = 1;
	classes = {
	};
	objectVersion = 56;
	objects = {

/* Begin PBXBuildFile section */
		AB49147C2A3CB888004BE6DE /* ACAppScreenshotReservation.swift in Sources */ = {isa = PBXBuildFile; fileRef = AB49147B2A3CB888004BE6DE /* ACAppScreenshotReservation.swift */; };
		AB49147E2A3CB927004BE6DE /* ACAppScreenshotUploadOperation.swift in Sources */ = {isa = PBXBuildFile; fileRef = AB49147D2A3CB927004BE6DE /* ACAppScreenshotUploadOperation.swift */; };
		AB4914802A3CBABB004BE6DE /* ACRequestHeader.swift in Sources */ = {isa = PBXBuildFile; fileRef = AB49147F2A3CBABB004BE6DE /* ACRequestHeader.swift */; };
		AB4914822A3CBB82004BE6DE /* ACAssetDeliveryState.swift in Sources */ = {isa = PBXBuildFile; fileRef = AB4914812A3CBB82004BE6DE /* ACAssetDeliveryState.swift */; };
		AB4914842A3CBCC9004BE6DE /* ACAppMediaStateError.swift in Sources */ = {isa = PBXBuildFile; fileRef = AB4914832A3CBCC9004BE6DE /* ACAppMediaStateError.swift */; };
		AB4914862A3CBDA1004BE6DE /* CreateAppScreenshotReservationPayload.swift in Sources */ = {isa = PBXBuildFile; fileRef = AB4914852A3CBDA1004BE6DE /* CreateAppScreenshotReservationPayload.swift */; };
		ABB9F7AD2A58589A00B23E5F /* CommitUploadPayload.swift in Sources */ = {isa = PBXBuildFile; fileRef = ABB9F7AC2A58589A00B23E5F /* CommitUploadPayload.swift */; };
		ABCEF1372A293C5800295EB6 /* ScreenshotConnectApp.swift in Sources */ = {isa = PBXBuildFile; fileRef = ABCEF1362A293C5800295EB6 /* ScreenshotConnectApp.swift */; };
		ABCEF1392A293C5800295EB6 /* ContentView.swift in Sources */ = {isa = PBXBuildFile; fileRef = ABCEF1382A293C5800295EB6 /* ContentView.swift */; };
		ABCEF13B2A293C5900295EB6 /* Assets.xcassets in Resources */ = {isa = PBXBuildFile; fileRef = ABCEF13A2A293C5900295EB6 /* Assets.xcassets */; };
		ABCEF13E2A293C5900295EB6 /* Preview Assets.xcassets in Resources */ = {isa = PBXBuildFile; fileRef = ABCEF13D2A293C5900295EB6 /* Preview Assets.xcassets */; };
		ABCEF1462A293E7400295EB6 /* ScreenshotUploader.swift in Sources */ = {isa = PBXBuildFile; fileRef = ABCEF1452A293E7400295EB6 /* ScreenshotUploader.swift */; };
		ABCEF1492A29416100295EB6 /* AppStoreConnect-Swift-SDK in Frameworks */ = {isa = PBXBuildFile; productRef = ABCEF1482A29416100295EB6 /* AppStoreConnect-Swift-SDK */; };
		ABD1BE9A2A30B64000381AE8 /* SelectScreenshotsButton.swift in Sources */ = {isa = PBXBuildFile; fileRef = ABD1BE992A30B64000381AE8 /* SelectScreenshotsButton.swift */; };
		ABD1BE9C2A30B68A00381AE8 /* SelectDevicesList.swift in Sources */ = {isa = PBXBuildFile; fileRef = ABD1BE9B2A30B68A00381AE8 /* SelectDevicesList.swift */; };
		ABD1BE9E2A30B70900381AE8 /* SelectAppPicker.swift in Sources */ = {isa = PBXBuildFile; fileRef = ABD1BE9D2A30B70900381AE8 /* SelectAppPicker.swift */; };
		ABD1BEA02A30B75D00381AE8 /* SelectVersionPicker.swift in Sources */ = {isa = PBXBuildFile; fileRef = ABD1BE9F2A30B75D00381AE8 /* SelectVersionPicker.swift */; };
		ABD1BEA22A30BB3400381AE8 /* AppInfoView.swift in Sources */ = {isa = PBXBuildFile; fileRef = ABD1BEA12A30BB3400381AE8 /* AppInfoView.swift */; };
		ABD1BEA42A30BEAC00381AE8 /* UploadButton.swift in Sources */ = {isa = PBXBuildFile; fileRef = ABD1BEA32A30BEAC00381AE8 /* UploadButton.swift */; };
		ABD1BEA62A31186D00381AE8 /* ACLocalization.swift in Sources */ = {isa = PBXBuildFile; fileRef = ABD1BEA52A31186D00381AE8 /* ACLocalization.swift */; };
		ABD1BEA82A311D2800381AE8 /* ACAppScreenshotSet.swift in Sources */ = {isa = PBXBuildFile; fileRef = ABD1BEA72A311D2800381AE8 /* ACAppScreenshotSet.swift */; };
		ABD1BEAA2A311E8200381AE8 /* CreateAppScreenshotSetPayload.swift in Sources */ = {isa = PBXBuildFile; fileRef = ABD1BEA92A311E8200381AE8 /* CreateAppScreenshotSetPayload.swift */; };
		ABD1BEAC2A33C25200381AE8 /* SingleResultWrapper.swift in Sources */ = {isa = PBXBuildFile; fileRef = ABD1BEAB2A33C25200381AE8 /* SingleResultWrapper.swift */; };
		ABFF56F22A2A0E5B0069C243 /* AppStoreConnectAPI.swift in Sources */ = {isa = PBXBuildFile; fileRef = ABFF56F12A2A0E5B0069C243 /* AppStoreConnectAPI.swift */; };
		ABFF56F52A2A0F7A0069C243 /* SwiftJWT in Frameworks */ = {isa = PBXBuildFile; productRef = ABFF56F42A2A0F7A0069C243 /* SwiftJWT */; };
		ABFF56F82A2A11CA0069C243 /* ACApp.swift in Sources */ = {isa = PBXBuildFile; fileRef = ABFF56F72A2A11CA0069C243 /* ACApp.swift */; };
		ABFF56FA2A2A32920069C243 /* ResultsWrapper.swift in Sources */ = {isa = PBXBuildFile; fileRef = ABFF56F92A2A32920069C243 /* ResultsWrapper.swift */; };
		ABFF56FD2A2A46B70069C243 /* JFUtils in Frameworks */ = {isa = PBXBuildFile; productRef = ABFF56FC2A2A46B70069C243 /* JFUtils */; };
		ABFF56FF2A2A590F0069C243 /* AppScreenshot.swift in Sources */ = {isa = PBXBuildFile; fileRef = ABFF56FE2A2A590F0069C243 /* AppScreenshot.swift */; };
		ABFF57012A2A5AD40069C243 /* SettingsView.swift in Sources */ = {isa = PBXBuildFile; fileRef = ABFF57002A2A5AD40069C243 /* SettingsView.swift */; };
		ABFF57032A2B584C0069C243 /* JFLiterals.swift in Sources */ = {isa = PBXBuildFile; fileRef = ABFF57022A2B584C0069C243 /* JFLiterals.swift */; };
		ABFF57052A2B60580069C243 /* ACBuild.swift in Sources */ = {isa = PBXBuildFile; fileRef = ABFF57042A2B60580069C243 /* ACBuild.swift */; };
		ABFF57072A2B76930069C243 /* ScreenshotClassifier.swift in Sources */ = {isa = PBXBuildFile; fileRef = ABFF57062A2B76930069C243 /* ScreenshotClassifier.swift */; };
		ABFF57092A2B8B690069C243 /* Device.swift in Sources */ = {isa = PBXBuildFile; fileRef = ABFF57082A2B8B690069C243 /* Device.swift */; };
		ABFF570B2A2B8B7B0069C243 /* ScreenshotDisplayType.swift in Sources */ = {isa = PBXBuildFile; fileRef = ABFF570A2A2B8B7B0069C243 /* ScreenshotDisplayType.swift */; };
		ABFF570E2A2E0CFA0069C243 /* Preferences.swift in Sources */ = {isa = PBXBuildFile; fileRef = ABFF570D2A2E0CFA0069C243 /* Preferences.swift */; };
		ABFF57122A2E0D340069C243 /* Preference.swift in Sources */ = {isa = PBXBuildFile; fileRef = ABFF57112A2E0D340069C243 /* Preference.swift */; };
		ABFF57142A2E0D620069C243 /* PublisherObservableObject.swift in Sources */ = {isa = PBXBuildFile; fileRef = ABFF57132A2E0D620069C243 /* PublisherObservableObject.swift */; };
		ABFF57162A2E11290069C243 /* ACAppStoreVersion.swift in Sources */ = {isa = PBXBuildFile; fileRef = ABFF57152A2E11290069C243 /* ACAppStoreVersion.swift */; };
		ABFF57182A2E126B0069C243 /* ACPlatform.swift in Sources */ = {isa = PBXBuildFile; fileRef = ABFF57172A2E126B0069C243 /* ACPlatform.swift */; };
		ABFF571A2A2E12760069C243 /* ACAppStoreVersionState.swift in Sources */ = {isa = PBXBuildFile; fileRef = ABFF57192A2E12760069C243 /* ACAppStoreVersionState.swift */; };
/* End PBXBuildFile section */

/* Begin PBXFileReference section */
		AB49147B2A3CB888004BE6DE /* ACAppScreenshotReservation.swift */ = {isa = PBXFileReference; lastKnownFileType = sourcecode.swift; path = ACAppScreenshotReservation.swift; sourceTree = "<group>"; };
		AB49147D2A3CB927004BE6DE /* ACAppScreenshotUploadOperation.swift */ = {isa = PBXFileReference; lastKnownFileType = sourcecode.swift; path = ACAppScreenshotUploadOperation.swift; sourceTree = "<group>"; };
		AB49147F2A3CBABB004BE6DE /* ACRequestHeader.swift */ = {isa = PBXFileReference; lastKnownFileType = sourcecode.swift; path = ACRequestHeader.swift; sourceTree = "<group>"; };
		AB4914812A3CBB82004BE6DE /* ACAssetDeliveryState.swift */ = {isa = PBXFileReference; lastKnownFileType = sourcecode.swift; path = ACAssetDeliveryState.swift; sourceTree = "<group>"; };
		AB4914832A3CBCC9004BE6DE /* ACAppMediaStateError.swift */ = {isa = PBXFileReference; lastKnownFileType = sourcecode.swift; path = ACAppMediaStateError.swift; sourceTree = "<group>"; };
		AB4914852A3CBDA1004BE6DE /* CreateAppScreenshotReservationPayload.swift */ = {isa = PBXFileReference; lastKnownFileType = sourcecode.swift; path = CreateAppScreenshotReservationPayload.swift; sourceTree = "<group>"; };
		ABB9F7AC2A58589A00B23E5F /* CommitUploadPayload.swift */ = {isa = PBXFileReference; lastKnownFileType = sourcecode.swift; path = CommitUploadPayload.swift; sourceTree = "<group>"; };
		ABCEF1332A293C5800295EB6 /* ScreenshotConnect.app */ = {isa = PBXFileReference; explicitFileType = wrapper.application; includeInIndex = 0; path = ScreenshotConnect.app; sourceTree = BUILT_PRODUCTS_DIR; };
		ABCEF1362A293C5800295EB6 /* ScreenshotConnectApp.swift */ = {isa = PBXFileReference; lastKnownFileType = sourcecode.swift; path = ScreenshotConnectApp.swift; sourceTree = "<group>"; };
		ABCEF1382A293C5800295EB6 /* ContentView.swift */ = {isa = PBXFileReference; lastKnownFileType = sourcecode.swift; path = ContentView.swift; sourceTree = "<group>"; };
		ABCEF13A2A293C5900295EB6 /* Assets.xcassets */ = {isa = PBXFileReference; lastKnownFileType = folder.assetcatalog; path = Assets.xcassets; sourceTree = "<group>"; };
		ABCEF13D2A293C5900295EB6 /* Preview Assets.xcassets */ = {isa = PBXFileReference; lastKnownFileType = folder.assetcatalog; path = "Preview Assets.xcassets"; sourceTree = "<group>"; };
		ABCEF13F2A293C5900295EB6 /* ScreenshotConnect.entitlements */ = {isa = PBXFileReference; lastKnownFileType = text.plist.entitlements; path = ScreenshotConnect.entitlements; sourceTree = "<group>"; };
		ABCEF1452A293E7400295EB6 /* ScreenshotUploader.swift */ = {isa = PBXFileReference; lastKnownFileType = sourcecode.swift; path = ScreenshotUploader.swift; sourceTree = "<group>"; };
		ABD1BE992A30B64000381AE8 /* SelectScreenshotsButton.swift */ = {isa = PBXFileReference; lastKnownFileType = sourcecode.swift; path = SelectScreenshotsButton.swift; sourceTree = "<group>"; };
		ABD1BE9B2A30B68A00381AE8 /* SelectDevicesList.swift */ = {isa = PBXFileReference; lastKnownFileType = sourcecode.swift; path = SelectDevicesList.swift; sourceTree = "<group>"; };
		ABD1BE9D2A30B70900381AE8 /* SelectAppPicker.swift */ = {isa = PBXFileReference; lastKnownFileType = sourcecode.swift; path = SelectAppPicker.swift; sourceTree = "<group>"; };
		ABD1BE9F2A30B75D00381AE8 /* SelectVersionPicker.swift */ = {isa = PBXFileReference; lastKnownFileType = sourcecode.swift; path = SelectVersionPicker.swift; sourceTree = "<group>"; };
		ABD1BEA12A30BB3400381AE8 /* AppInfoView.swift */ = {isa = PBXFileReference; lastKnownFileType = sourcecode.swift; path = AppInfoView.swift; sourceTree = "<group>"; };
		ABD1BEA32A30BEAC00381AE8 /* UploadButton.swift */ = {isa = PBXFileReference; lastKnownFileType = sourcecode.swift; path = UploadButton.swift; sourceTree = "<group>"; };
		ABD1BEA52A31186D00381AE8 /* ACLocalization.swift */ = {isa = PBXFileReference; lastKnownFileType = sourcecode.swift; path = ACLocalization.swift; sourceTree = "<group>"; };
		ABD1BEA72A311D2800381AE8 /* ACAppScreenshotSet.swift */ = {isa = PBXFileReference; lastKnownFileType = sourcecode.swift; path = ACAppScreenshotSet.swift; sourceTree = "<group>"; };
		ABD1BEA92A311E8200381AE8 /* CreateAppScreenshotSetPayload.swift */ = {isa = PBXFileReference; lastKnownFileType = sourcecode.swift; path = CreateAppScreenshotSetPayload.swift; sourceTree = "<group>"; };
		ABD1BEAB2A33C25200381AE8 /* SingleResultWrapper.swift */ = {isa = PBXFileReference; lastKnownFileType = sourcecode.swift; path = SingleResultWrapper.swift; sourceTree = "<group>"; };
		ABFF56F12A2A0E5B0069C243 /* AppStoreConnectAPI.swift */ = {isa = PBXFileReference; lastKnownFileType = sourcecode.swift; path = AppStoreConnectAPI.swift; sourceTree = "<group>"; };
		ABFF56F72A2A11CA0069C243 /* ACApp.swift */ = {isa = PBXFileReference; lastKnownFileType = sourcecode.swift; path = ACApp.swift; sourceTree = "<group>"; };
		ABFF56F92A2A32920069C243 /* ResultsWrapper.swift */ = {isa = PBXFileReference; lastKnownFileType = sourcecode.swift; path = ResultsWrapper.swift; sourceTree = "<group>"; };
		ABFF56FE2A2A590F0069C243 /* AppScreenshot.swift */ = {isa = PBXFileReference; lastKnownFileType = sourcecode.swift; path = AppScreenshot.swift; sourceTree = "<group>"; };
		ABFF57002A2A5AD40069C243 /* SettingsView.swift */ = {isa = PBXFileReference; lastKnownFileType = sourcecode.swift; path = SettingsView.swift; sourceTree = "<group>"; };
		ABFF57022A2B584C0069C243 /* JFLiterals.swift */ = {isa = PBXFileReference; lastKnownFileType = sourcecode.swift; path = JFLiterals.swift; sourceTree = "<group>"; };
		ABFF57042A2B60580069C243 /* ACBuild.swift */ = {isa = PBXFileReference; lastKnownFileType = sourcecode.swift; path = ACBuild.swift; sourceTree = "<group>"; };
		ABFF57062A2B76930069C243 /* ScreenshotClassifier.swift */ = {isa = PBXFileReference; lastKnownFileType = sourcecode.swift; path = ScreenshotClassifier.swift; sourceTree = "<group>"; };
		ABFF57082A2B8B690069C243 /* Device.swift */ = {isa = PBXFileReference; lastKnownFileType = sourcecode.swift; path = Device.swift; sourceTree = "<group>"; };
		ABFF570A2A2B8B7B0069C243 /* ScreenshotDisplayType.swift */ = {isa = PBXFileReference; lastKnownFileType = sourcecode.swift; path = ScreenshotDisplayType.swift; sourceTree = "<group>"; };
		ABFF570D2A2E0CFA0069C243 /* Preferences.swift */ = {isa = PBXFileReference; lastKnownFileType = sourcecode.swift; path = Preferences.swift; sourceTree = "<group>"; };
		ABFF57112A2E0D340069C243 /* Preference.swift */ = {isa = PBXFileReference; lastKnownFileType = sourcecode.swift; path = Preference.swift; sourceTree = "<group>"; };
		ABFF57132A2E0D620069C243 /* PublisherObservableObject.swift */ = {isa = PBXFileReference; lastKnownFileType = sourcecode.swift; path = PublisherObservableObject.swift; sourceTree = "<group>"; };
		ABFF57152A2E11290069C243 /* ACAppStoreVersion.swift */ = {isa = PBXFileReference; lastKnownFileType = sourcecode.swift; path = ACAppStoreVersion.swift; sourceTree = "<group>"; };
		ABFF57172A2E126B0069C243 /* ACPlatform.swift */ = {isa = PBXFileReference; lastKnownFileType = sourcecode.swift; path = ACPlatform.swift; sourceTree = "<group>"; };
		ABFF57192A2E12760069C243 /* ACAppStoreVersionState.swift */ = {isa = PBXFileReference; lastKnownFileType = sourcecode.swift; path = ACAppStoreVersionState.swift; sourceTree = "<group>"; };
/* End PBXFileReference section */

/* Begin PBXFrameworksBuildPhase section */
		ABCEF1302A293C5800295EB6 /* Frameworks */ = {
			isa = PBXFrameworksBuildPhase;
			buildActionMask = 2147483647;
			files = (
				ABFF56FD2A2A46B70069C243 /* JFUtils in Frameworks */,
				ABFF56F52A2A0F7A0069C243 /* SwiftJWT in Frameworks */,
				ABCEF1492A29416100295EB6 /* AppStoreConnect-Swift-SDK in Frameworks */,
			);
			runOnlyForDeploymentPostprocessing = 0;
		};
/* End PBXFrameworksBuildPhase section */

/* Begin PBXGroup section */
		ABCEF12A2A293C5800295EB6 = {
			isa = PBXGroup;
			children = (
				ABCEF1352A293C5800295EB6 /* ScreenshotConnect */,
				ABCEF1342A293C5800295EB6 /* Products */,
			);
			sourceTree = "<group>";
		};
		ABCEF1342A293C5800295EB6 /* Products */ = {
			isa = PBXGroup;
			children = (
				ABCEF1332A293C5800295EB6 /* ScreenshotConnect.app */,
			);
			name = Products;
			sourceTree = "<group>";
		};
		ABCEF1352A293C5800295EB6 /* ScreenshotConnect */ = {
			isa = PBXGroup;
			children = (
				ABCEF1362A293C5800295EB6 /* ScreenshotConnectApp.swift */,
				ABD1BE982A30B4E800381AE8 /* ContentView */,
				ABFF57002A2A5AD40069C243 /* SettingsView.swift */,
				ABFF56FE2A2A590F0069C243 /* AppScreenshot.swift */,
				ABFF57022A2B584C0069C243 /* JFLiterals.swift */,
				ABFF57062A2B76930069C243 /* ScreenshotClassifier.swift */,
				ABCEF1452A293E7400295EB6 /* ScreenshotUploader.swift */,
				ABFF57082A2B8B690069C243 /* Device.swift */,
				ABFF570A2A2B8B7B0069C243 /* ScreenshotDisplayType.swift */,
				ABFF570C2A2E0C1F0069C243 /* Preferences */,
				ABFF56F62A2A11BC0069C243 /* API */,
				ABCEF13A2A293C5900295EB6 /* Assets.xcassets */,
				ABCEF13F2A293C5900295EB6 /* ScreenshotConnect.entitlements */,
				ABCEF13C2A293C5900295EB6 /* Preview Content */,
			);
			path = ScreenshotConnect;
			sourceTree = "<group>";
		};
		ABCEF13C2A293C5900295EB6 /* Preview Content */ = {
			isa = PBXGroup;
			children = (
				ABCEF13D2A293C5900295EB6 /* Preview Assets.xcassets */,
			);
			path = "Preview Content";
			sourceTree = "<group>";
		};
		ABD1BE982A30B4E800381AE8 /* ContentView */ = {
			isa = PBXGroup;
			children = (
				ABCEF1382A293C5800295EB6 /* ContentView.swift */,
				ABD1BE992A30B64000381AE8 /* SelectScreenshotsButton.swift */,
				ABD1BE9B2A30B68A00381AE8 /* SelectDevicesList.swift */,
				ABD1BE9D2A30B70900381AE8 /* SelectAppPicker.swift */,
				ABD1BE9F2A30B75D00381AE8 /* SelectVersionPicker.swift */,
				ABD1BEA12A30BB3400381AE8 /* AppInfoView.swift */,
				ABD1BEA32A30BEAC00381AE8 /* UploadButton.swift */,
			);
			path = ContentView;
			sourceTree = "<group>";
		};
		ABFF56F62A2A11BC0069C243 /* API */ = {
			isa = PBXGroup;
			children = (
				ABFF56F12A2A0E5B0069C243 /* AppStoreConnectAPI.swift */,
				ABFF56F92A2A32920069C243 /* ResultsWrapper.swift */,
				ABD1BEAB2A33C25200381AE8 /* SingleResultWrapper.swift */,
				ABFF56F72A2A11CA0069C243 /* ACApp.swift */,
				ABFF57042A2B60580069C243 /* ACBuild.swift */,
				ABFF57152A2E11290069C243 /* ACAppStoreVersion.swift */,
				ABFF57172A2E126B0069C243 /* ACPlatform.swift */,
				ABFF57192A2E12760069C243 /* ACAppStoreVersionState.swift */,
				ABD1BEA52A31186D00381AE8 /* ACLocalization.swift */,
				ABD1BEA72A311D2800381AE8 /* ACAppScreenshotSet.swift */,
				ABD1BEA92A311E8200381AE8 /* CreateAppScreenshotSetPayload.swift */,
				AB49147B2A3CB888004BE6DE /* ACAppScreenshotReservation.swift */,
				AB4914852A3CBDA1004BE6DE /* CreateAppScreenshotReservationPayload.swift */,
				AB49147D2A3CB927004BE6DE /* ACAppScreenshotUploadOperation.swift */,
				AB49147F2A3CBABB004BE6DE /* ACRequestHeader.swift */,
				AB4914812A3CBB82004BE6DE /* ACAssetDeliveryState.swift */,
				AB4914832A3CBCC9004BE6DE /* ACAppMediaStateError.swift */,
				ABB9F7AC2A58589A00B23E5F /* CommitUploadPayload.swift */,
			);
			path = API;
			sourceTree = "<group>";
		};
		ABFF570C2A2E0C1F0069C243 /* Preferences */ = {
			isa = PBXGroup;
			children = (
				ABFF570D2A2E0CFA0069C243 /* Preferences.swift */,
				ABFF57112A2E0D340069C243 /* Preference.swift */,
				ABFF57132A2E0D620069C243 /* PublisherObservableObject.swift */,
			);
			path = Preferences;
			sourceTree = "<group>";
		};
/* End PBXGroup section */

/* Begin PBXNativeTarget section */
		ABCEF1322A293C5800295EB6 /* ScreenshotConnect */ = {
			isa = PBXNativeTarget;
			buildConfigurationList = ABCEF1422A293C5900295EB6 /* Build configuration list for PBXNativeTarget "ScreenshotConnect" */;
			buildPhases = (
				ABCEF12F2A293C5800295EB6 /* Sources */,
				ABCEF1302A293C5800295EB6 /* Frameworks */,
				ABCEF1312A293C5800295EB6 /* Resources */,
			);
			buildRules = (
			);
			dependencies = (
			);
			name = ScreenshotConnect;
			packageProductDependencies = (
				ABCEF1482A29416100295EB6 /* AppStoreConnect-Swift-SDK */,
				ABFF56F42A2A0F7A0069C243 /* SwiftJWT */,
				ABFF56FC2A2A46B70069C243 /* JFUtils */,
			);
			productName = ScreenshotConnect;
			productReference = ABCEF1332A293C5800295EB6 /* ScreenshotConnect.app */;
			productType = "com.apple.product-type.application";
		};
/* End PBXNativeTarget section */

/* Begin PBXProject section */
		ABCEF12B2A293C5800295EB6 /* Project object */ = {
			isa = PBXProject;
			attributes = {
				BuildIndependentTargetsInParallel = 1;
				LastSwiftUpdateCheck = 1430;
				LastUpgradeCheck = 1500;
				TargetAttributes = {
					ABCEF1322A293C5800295EB6 = {
						CreatedOnToolsVersion = 14.3;
					};
				};
			};
			buildConfigurationList = ABCEF12E2A293C5800295EB6 /* Build configuration list for PBXProject "ScreenshotConnect" */;
			compatibilityVersion = "Xcode 14.0";
			developmentRegion = en;
			hasScannedForEncodings = 0;
			knownRegions = (
				en,
				Base,
			);
			mainGroup = ABCEF12A2A293C5800295EB6;
			packageReferences = (
				ABCEF1472A29416100295EB6 /* XCRemoteSwiftPackageReference "appstoreconnect-swift-sdk" */,
				ABFF56F32A2A0F7A0069C243 /* XCRemoteSwiftPackageReference "Swift-JWT" */,
				ABFF56FB2A2A46B70069C243 /* XCRemoteSwiftPackageReference "JFUtils" */,
			);
			productRefGroup = ABCEF1342A293C5800295EB6 /* Products */;
			projectDirPath = "";
			projectRoot = "";
			targets = (
				ABCEF1322A293C5800295EB6 /* ScreenshotConnect */,
			);
		};
/* End PBXProject section */

/* Begin PBXResourcesBuildPhase section */
		ABCEF1312A293C5800295EB6 /* Resources */ = {
			isa = PBXResourcesBuildPhase;
			buildActionMask = 2147483647;
			files = (
				ABCEF13E2A293C5900295EB6 /* Preview Assets.xcassets in Resources */,
				ABCEF13B2A293C5900295EB6 /* Assets.xcassets in Resources */,
			);
			runOnlyForDeploymentPostprocessing = 0;
		};
/* End PBXResourcesBuildPhase section */

/* Begin PBXSourcesBuildPhase section */
		ABCEF12F2A293C5800295EB6 /* Sources */ = {
			isa = PBXSourcesBuildPhase;
			buildActionMask = 2147483647;
			files = (
				ABFF57142A2E0D620069C243 /* PublisherObservableObject.swift in Sources */,
				ABFF56FA2A2A32920069C243 /* ResultsWrapper.swift in Sources */,
				AB49147C2A3CB888004BE6DE /* ACAppScreenshotReservation.swift in Sources */,
				AB4914822A3CBB82004BE6DE /* ACAssetDeliveryState.swift in Sources */,
				ABFF570B2A2B8B7B0069C243 /* ScreenshotDisplayType.swift in Sources */,
				ABFF57012A2A5AD40069C243 /* SettingsView.swift in Sources */,
				ABCEF1392A293C5800295EB6 /* ContentView.swift in Sources */,
				AB4914802A3CBABB004BE6DE /* ACRequestHeader.swift in Sources */,
				ABFF57092A2B8B690069C243 /* Device.swift in Sources */,
				ABFF56FF2A2A590F0069C243 /* AppScreenshot.swift in Sources */,
				ABFF56F22A2A0E5B0069C243 /* AppStoreConnectAPI.swift in Sources */,
				AB4914842A3CBCC9004BE6DE /* ACAppMediaStateError.swift in Sources */,
				AB4914862A3CBDA1004BE6DE /* CreateAppScreenshotReservationPayload.swift in Sources */,
				ABCEF1372A293C5800295EB6 /* ScreenshotConnectApp.swift in Sources */,
				ABD1BEAA2A311E8200381AE8 /* CreateAppScreenshotSetPayload.swift in Sources */,
				ABFF570E2A2E0CFA0069C243 /* Preferences.swift in Sources */,
				ABD1BEA02A30B75D00381AE8 /* SelectVersionPicker.swift in Sources */,
				ABFF57182A2E126B0069C243 /* ACPlatform.swift in Sources */,
				ABD1BEA22A30BB3400381AE8 /* AppInfoView.swift in Sources */,
				ABFF57122A2E0D340069C243 /* Preference.swift in Sources */,
				ABFF57032A2B584C0069C243 /* JFLiterals.swift in Sources */,
				ABD1BE9A2A30B64000381AE8 /* SelectScreenshotsButton.swift in Sources */,
				ABD1BE9C2A30B68A00381AE8 /* SelectDevicesList.swift in Sources */,
				ABFF57162A2E11290069C243 /* ACAppStoreVersion.swift in Sources */,
				ABB9F7AD2A58589A00B23E5F /* CommitUploadPayload.swift in Sources */,
				ABD1BEAC2A33C25200381AE8 /* SingleResultWrapper.swift in Sources */,
				ABD1BEA62A31186D00381AE8 /* ACLocalization.swift in Sources */,
				ABFF56F82A2A11CA0069C243 /* ACApp.swift in Sources */,
				ABD1BE9E2A30B70900381AE8 /* SelectAppPicker.swift in Sources */,
				ABFF57052A2B60580069C243 /* ACBuild.swift in Sources */,
				ABCEF1462A293E7400295EB6 /* ScreenshotUploader.swift in Sources */,
				ABD1BEA42A30BEAC00381AE8 /* UploadButton.swift in Sources */,
				ABD1BEA82A311D2800381AE8 /* ACAppScreenshotSet.swift in Sources */,
				ABFF57072A2B76930069C243 /* ScreenshotClassifier.swift in Sources */,
				AB49147E2A3CB927004BE6DE /* ACAppScreenshotUploadOperation.swift in Sources */,
				ABFF571A2A2E12760069C243 /* ACAppStoreVersionState.swift in Sources */,
			);
			runOnlyForDeploymentPostprocessing = 0;
		};
/* End PBXSourcesBuildPhase section */

/* Begin XCBuildConfiguration section */
		ABCEF1402A293C5900295EB6 /* Debug */ = {
			isa = XCBuildConfiguration;
			buildSettings = {
				ALWAYS_SEARCH_USER_PATHS = NO;
				ASSETCATALOG_COMPILER_GENERATE_SWIFT_ASSET_SYMBOL_EXTENSIONS = YES;
				CLANG_ANALYZER_NONNULL = YES;
				CLANG_ANALYZER_NUMBER_OBJECT_CONVERSION = YES_AGGRESSIVE;
				CLANG_CXX_LANGUAGE_STANDARD = "gnu++20";
				CLANG_ENABLE_MODULES = YES;
				CLANG_ENABLE_OBJC_ARC = YES;
				CLANG_ENABLE_OBJC_WEAK = YES;
				CLANG_WARN_BLOCK_CAPTURE_AUTORELEASING = YES;
				CLANG_WARN_BOOL_CONVERSION = YES;
				CLANG_WARN_COMMA = YES;
				CLANG_WARN_CONSTANT_CONVERSION = YES;
				CLANG_WARN_DEPRECATED_OBJC_IMPLEMENTATIONS = YES;
				CLANG_WARN_DIRECT_OBJC_ISA_USAGE = YES_ERROR;
				CLANG_WARN_DOCUMENTATION_COMMENTS = YES;
				CLANG_WARN_EMPTY_BODY = YES;
				CLANG_WARN_ENUM_CONVERSION = YES;
				CLANG_WARN_INFINITE_RECURSION = YES;
				CLANG_WARN_INT_CONVERSION = YES;
				CLANG_WARN_NON_LITERAL_NULL_CONVERSION = YES;
				CLANG_WARN_OBJC_IMPLICIT_RETAIN_SELF = YES;
				CLANG_WARN_OBJC_LITERAL_CONVERSION = YES;
				CLANG_WARN_OBJC_ROOT_CLASS = YES_ERROR;
				CLANG_WARN_QUOTED_INCLUDE_IN_FRAMEWORK_HEADER = YES;
				CLANG_WARN_RANGE_LOOP_ANALYSIS = YES;
				CLANG_WARN_STRICT_PROTOTYPES = YES;
				CLANG_WARN_SUSPICIOUS_MOVE = YES;
				CLANG_WARN_UNGUARDED_AVAILABILITY = YES_AGGRESSIVE;
				CLANG_WARN_UNREACHABLE_CODE = YES;
				CLANG_WARN__DUPLICATE_METHOD_MATCH = YES;
				COPY_PHASE_STRIP = NO;
				DEAD_CODE_STRIPPING = YES;
				DEBUG_INFORMATION_FORMAT = dwarf;
				ENABLE_STRICT_OBJC_MSGSEND = YES;
				ENABLE_TESTABILITY = YES;
				GCC_C_LANGUAGE_STANDARD = gnu11;
				GCC_DYNAMIC_NO_PIC = NO;
				GCC_NO_COMMON_BLOCKS = YES;
				GCC_OPTIMIZATION_LEVEL = 0;
				GCC_PREPROCESSOR_DEFINITIONS = (
					"DEBUG=1",
					"$(inherited)",
				);
				GCC_WARN_64_TO_32_BIT_CONVERSION = YES;
				GCC_WARN_ABOUT_RETURN_TYPE = YES_ERROR;
				GCC_WARN_UNDECLARED_SELECTOR = YES;
				GCC_WARN_UNINITIALIZED_AUTOS = YES_AGGRESSIVE;
				GCC_WARN_UNUSED_FUNCTION = YES;
				GCC_WARN_UNUSED_VARIABLE = YES;
				MACOSX_DEPLOYMENT_TARGET = 13.0;
				MTL_ENABLE_DEBUG_INFO = INCLUDE_SOURCE;
				MTL_FAST_MATH = YES;
				ONLY_ACTIVE_ARCH = YES;
				SDKROOT = macosx;
				SWIFT_ACTIVE_COMPILATION_CONDITIONS = DEBUG;
				SWIFT_OPTIMIZATION_LEVEL = "-Onone";
			};
			name = Debug;
		};
		ABCEF1412A293C5900295EB6 /* Release */ = {
			isa = XCBuildConfiguration;
			buildSettings = {
				ALWAYS_SEARCH_USER_PATHS = NO;
				ASSETCATALOG_COMPILER_GENERATE_SWIFT_ASSET_SYMBOL_EXTENSIONS = YES;
				CLANG_ANALYZER_NONNULL = YES;
				CLANG_ANALYZER_NUMBER_OBJECT_CONVERSION = YES_AGGRESSIVE;
				CLANG_CXX_LANGUAGE_STANDARD = "gnu++20";
				CLANG_ENABLE_MODULES = YES;
				CLANG_ENABLE_OBJC_ARC = YES;
				CLANG_ENABLE_OBJC_WEAK = YES;
				CLANG_WARN_BLOCK_CAPTURE_AUTORELEASING = YES;
				CLANG_WARN_BOOL_CONVERSION = YES;
				CLANG_WARN_COMMA = YES;
				CLANG_WARN_CONSTANT_CONVERSION = YES;
				CLANG_WARN_DEPRECATED_OBJC_IMPLEMENTATIONS = YES;
				CLANG_WARN_DIRECT_OBJC_ISA_USAGE = YES_ERROR;
				CLANG_WARN_DOCUMENTATION_COMMENTS = YES;
				CLANG_WARN_EMPTY_BODY = YES;
				CLANG_WARN_ENUM_CONVERSION = YES;
				CLANG_WARN_INFINITE_RECURSION = YES;
				CLANG_WARN_INT_CONVERSION = YES;
				CLANG_WARN_NON_LITERAL_NULL_CONVERSION = YES;
				CLANG_WARN_OBJC_IMPLICIT_RETAIN_SELF = YES;
				CLANG_WARN_OBJC_LITERAL_CONVERSION = YES;
				CLANG_WARN_OBJC_ROOT_CLASS = YES_ERROR;
				CLANG_WARN_QUOTED_INCLUDE_IN_FRAMEWORK_HEADER = YES;
				CLANG_WARN_RANGE_LOOP_ANALYSIS = YES;
				CLANG_WARN_STRICT_PROTOTYPES = YES;
				CLANG_WARN_SUSPICIOUS_MOVE = YES;
				CLANG_WARN_UNGUARDED_AVAILABILITY = YES_AGGRESSIVE;
				CLANG_WARN_UNREACHABLE_CODE = YES;
				CLANG_WARN__DUPLICATE_METHOD_MATCH = YES;
				COPY_PHASE_STRIP = NO;
				DEAD_CODE_STRIPPING = YES;
				DEBUG_INFORMATION_FORMAT = "dwarf-with-dsym";
				ENABLE_NS_ASSERTIONS = NO;
				ENABLE_STRICT_OBJC_MSGSEND = YES;
				GCC_C_LANGUAGE_STANDARD = gnu11;
				GCC_NO_COMMON_BLOCKS = YES;
				GCC_WARN_64_TO_32_BIT_CONVERSION = YES;
				GCC_WARN_ABOUT_RETURN_TYPE = YES_ERROR;
				GCC_WARN_UNDECLARED_SELECTOR = YES;
				GCC_WARN_UNINITIALIZED_AUTOS = YES_AGGRESSIVE;
				GCC_WARN_UNUSED_FUNCTION = YES;
				GCC_WARN_UNUSED_VARIABLE = YES;
				MACOSX_DEPLOYMENT_TARGET = "$(RECOMMENDED_MACOSX_DEPLOYMENT_TARGET)";
				MTL_ENABLE_DEBUG_INFO = NO;
				MTL_FAST_MATH = YES;
				SDKROOT = macosx;
				SWIFT_COMPILATION_MODE = wholemodule;
				SWIFT_OPTIMIZATION_LEVEL = "-O";
			};
			name = Release;
		};
		ABCEF1432A293C5900295EB6 /* Debug */ = {
			isa = XCBuildConfiguration;
			buildSettings = {
				ASSETCATALOG_COMPILER_APPICON_NAME = AppIcon;
				ASSETCATALOG_COMPILER_GLOBAL_ACCENT_COLOR_NAME = AccentColor;
				CODE_SIGN_ENTITLEMENTS = ScreenshotConnect/ScreenshotConnect.entitlements;
				CODE_SIGN_STYLE = Automatic;
				COMBINE_HIDPI_IMAGES = YES;
				CURRENT_PROJECT_VERSION = 1;
				DEAD_CODE_STRIPPING = YES;
				DEVELOPMENT_ASSET_PATHS = "\"ScreenshotConnect/Preview Content\"";
				DEVELOPMENT_TEAM = 46C9Y785NA;
				ENABLE_HARDENED_RUNTIME = YES;
				ENABLE_PREVIEWS = YES;
				GENERATE_INFOPLIST_FILE = YES;
				INFOPLIST_KEY_NSHumanReadableCopyright = "";
				LD_RUNPATH_SEARCH_PATHS = (
					"$(inherited)",
					"@executable_path/../Frameworks",
				);
				MACOSX_DEPLOYMENT_TARGET = 13.0;
				MARKETING_VERSION = 1.0;
				PRODUCT_BUNDLE_IDENTIFIER = de.JonasFrey.ScreenshotConnect;
				PRODUCT_NAME = "$(TARGET_NAME)";
				SWIFT_EMIT_LOC_STRINGS = YES;
				SWIFT_VERSION = 5.0;
			};
			name = Debug;
		};
		ABCEF1442A293C5900295EB6 /* Release */ = {
			isa = XCBuildConfiguration;
			buildSettings = {
				ASSETCATALOG_COMPILER_APPICON_NAME = AppIcon;
				ASSETCATALOG_COMPILER_GLOBAL_ACCENT_COLOR_NAME = AccentColor;
				CODE_SIGN_ENTITLEMENTS = ScreenshotConnect/ScreenshotConnect.entitlements;
				CODE_SIGN_STYLE = Automatic;
				COMBINE_HIDPI_IMAGES = YES;
				CURRENT_PROJECT_VERSION = 1;
				DEAD_CODE_STRIPPING = YES;
				DEVELOPMENT_ASSET_PATHS = "\"ScreenshotConnect/Preview Content\"";
				DEVELOPMENT_TEAM = 46C9Y785NA;
				ENABLE_HARDENED_RUNTIME = YES;
				ENABLE_PREVIEWS = YES;
				GENERATE_INFOPLIST_FILE = YES;
				INFOPLIST_KEY_NSHumanReadableCopyright = "";
				LD_RUNPATH_SEARCH_PATHS = (
					"$(inherited)",
					"@executable_path/../Frameworks",
				);
				MACOSX_DEPLOYMENT_TARGET = 13.0;
				MARKETING_VERSION = 1.0;
				PRODUCT_BUNDLE_IDENTIFIER = de.JonasFrey.ScreenshotConnect;
				PRODUCT_NAME = "$(TARGET_NAME)";
				SWIFT_EMIT_LOC_STRINGS = YES;
				SWIFT_VERSION = 5.0;
			};
			name = Release;
		};
/* End XCBuildConfiguration section */

/* Begin XCConfigurationList section */
		ABCEF12E2A293C5800295EB6 /* Build configuration list for PBXProject "ScreenshotConnect" */ = {
			isa = XCConfigurationList;
			buildConfigurations = (
				ABCEF1402A293C5900295EB6 /* Debug */,
				ABCEF1412A293C5900295EB6 /* Release */,
			);
			defaultConfigurationIsVisible = 0;
			defaultConfigurationName = Release;
		};
		ABCEF1422A293C5900295EB6 /* Build configuration list for PBXNativeTarget "ScreenshotConnect" */ = {
			isa = XCConfigurationList;
			buildConfigurations = (
				ABCEF1432A293C5900295EB6 /* Debug */,
				ABCEF1442A293C5900295EB6 /* Release */,
			);
			defaultConfigurationIsVisible = 0;
			defaultConfigurationName = Release;
		};
/* End XCConfigurationList section */

/* Begin XCRemoteSwiftPackageReference section */
		ABCEF1472A29416100295EB6 /* XCRemoteSwiftPackageReference "appstoreconnect-swift-sdk" */ = {
			isa = XCRemoteSwiftPackageReference;
			repositoryURL = "https://github.com/AvdLee/appstoreconnect-swift-sdk.git";
			requirement = {
				kind = upToNextMajorVersion;
				minimumVersion = 2.0.0;
			};
		};
		ABFF56F32A2A0F7A0069C243 /* XCRemoteSwiftPackageReference "Swift-JWT" */ = {
			isa = XCRemoteSwiftPackageReference;
			repositoryURL = "https://github.com/Kitura/Swift-JWT";
			requirement = {
				kind = upToNextMajorVersion;
				minimumVersion = 4.0.0;
			};
		};
		ABFF56FB2A2A46B70069C243 /* XCRemoteSwiftPackageReference "JFUtils" */ = {
			isa = XCRemoteSwiftPackageReference;
			repositoryURL = "https://github.com/iComputerfreak/JFUtils";
			requirement = {
				kind = upToNextMajorVersion;
				minimumVersion = 1.0.0;
			};
		};
/* End XCRemoteSwiftPackageReference section */

/* Begin XCSwiftPackageProductDependency section */
		ABCEF1482A29416100295EB6 /* AppStoreConnect-Swift-SDK */ = {
			isa = XCSwiftPackageProductDependency;
			package = ABCEF1472A29416100295EB6 /* XCRemoteSwiftPackageReference "appstoreconnect-swift-sdk" */;
			productName = "AppStoreConnect-Swift-SDK";
		};
		ABFF56F42A2A0F7A0069C243 /* SwiftJWT */ = {
			isa = XCSwiftPackageProductDependency;
			package = ABFF56F32A2A0F7A0069C243 /* XCRemoteSwiftPackageReference "Swift-JWT" */;
			productName = SwiftJWT;
		};
		ABFF56FC2A2A46B70069C243 /* JFUtils */ = {
			isa = XCSwiftPackageProductDependency;
			package = ABFF56FB2A2A46B70069C243 /* XCRemoteSwiftPackageReference "JFUtils" */;
			productName = JFUtils;
		};
/* End XCSwiftPackageProductDependency section */
	};
	rootObject = ABCEF12B2A293C5800295EB6 /* Project object */;
}
